
Microsoft Visual Studio Solution File, Format Version 12.00
# Visual Studio Version 17
VisualStudioVersion = 17.10.35027.167
MinimumVisualStudioVersion = 10.0.40219.1
Project("{FAE04EC0-301F-11D3-BF4B-00C04F79EFBC}") = "DapperLesson", "DapperLesson\DapperLesson.csproj", "{E15CAC67-F29E-4A8C-8B16-7BE00E00D6DB}"
EndProject
Global
	GlobalSection(SolutionConfigurationPlatforms) = preSolution
		Debug|Any CPU = Debug|Any CPU
		Release|Any CPU = Release|Any CPU
	EndGlobalSection
	GlobalSection(ProjectConfigurationPlatforms) = postSolution
		{E15CAC67-F29E-4A8C-8B16-7BE00E00D6DB}.Debug|Any CPU.ActiveCfg = Debug|Any CPU
		{E15CAC67-F29E-4A8C-8B16-7BE00E00D6DB}.Debug|Any CPU.Build.0 = Debug|Any CPU
		{E15CAC67-F29E-4A8C-8B16-7BE00E00D6DB}.Release|Any CPU.ActiveCfg = Release|Any CPU
		{E15CAC67-F29E-4A8C-8B16-7BE00E00D6DB}.Release|Any CPU.Build.0 = Release|Any CPU
	EndGlobalSection
	GlobalSection(SolutionProperties) = preSolution
		HideSolutionNode = FALSE
	EndGlobalSection
	GlobalSection(ExtensibilityGlobals) = postSolution
		SolutionGuid = {A44ED997-89C7-486E-B0D3-691E751F6848}
	EndGlobalSection
EndGlobal
